
Microsoft Visual Studio Solution File, Format Version 12.00
# Visual Studio Version 16
VisualStudioVersion = 16.0.30711.63
MinimumVisualStudioVersion = 10.0.40219.1
Project("{FAE04EC0-301F-11D3-BF4B-00C04F79EFBC}") = "WDPR_MVC", "WDPR_MVC\WDPR_MVC.csproj", "{EE1451D1-BEE5-4022-839B-183D91C4DAD2}"
EndProject
Global
	GlobalSection(SolutionConfigurationPlatforms) = preSolution
		Debug|Any CPU = Debug|Any CPU
		Release|Any CPU = Release|Any CPU
	EndGlobalSection
	GlobalSection(ProjectConfigurationPlatforms) = postSolution
		{EE1451D1-BEE5-4022-839B-183D91C4DAD2}.Debug|Any CPU.ActiveCfg = Debug|Any CPU
		{EE1451D1-BEE5-4022-839B-183D91C4DAD2}.Debug|Any CPU.Build.0 = Debug|Any CPU
		{EE1451D1-BEE5-4022-839B-183D91C4DAD2}.Release|Any CPU.ActiveCfg = Release|Any CPU
		{EE1451D1-BEE5-4022-839B-183D91C4DAD2}.Release|Any CPU.Build.0 = Release|Any CPU
	EndGlobalSection
	GlobalSection(SolutionProperties) = preSolution
		HideSolutionNode = FALSE
	EndGlobalSection
	GlobalSection(ExtensibilityGlobals) = postSolution
		SolutionGuid = {9B9704ED-2FCC-4833-B393-722A14109B65}
	EndGlobalSection
EndGlobal
